
Microsoft Visual Studio Solution File, Format Version 12.00
# Visual Studio 15
VisualStudioVersion = 15.0.28307.329
MinimumVisualStudioVersion = 10.0.40219.1
Project("{FAE04EC0-301F-11D3-BF4B-00C04F79EFBC}") = "CodingCoach.Android", "CodingCoach\CodingCoach.Android\CodingCoach.Android.csproj", "{638B86F2-CBB4-45B1-8C68-A8DB8A16955E}"
EndProject
Project("{FAE04EC0-301F-11D3-BF4B-00C04F79EFBC}") = "CodingCoach.iOS", "CodingCoach\CodingCoach.iOS\CodingCoach.iOS.csproj", "{E307CAD6-594C-44C8-B10C-48FC33955BA5}"
EndProject
Project("{FAE04EC0-301F-11D3-BF4B-00C04F79EFBC}") = "CodingCoach", "CodingCoach\CodingCoach\CodingCoach.csproj", "{CE3FDB96-A03A-46A1-85C3-000BEF86969D}"
EndProject
Project("{FAE04EC0-301F-11D3-BF4B-00C04F79EFBC}") = "CodingCoach.Core", "..\CodingCoach.Core\CodingCoach.Core.csproj", "{DB00C6CE-8796-4701-80C7-380626E6C756}"
EndProject
Global
	GlobalSection(SolutionConfigurationPlatforms) = preSolution
		Ad-Hoc|Any CPU = Ad-Hoc|Any CPU
		Ad-Hoc|iPhone = Ad-Hoc|iPhone
		Ad-Hoc|iPhoneSimulator = Ad-Hoc|iPhoneSimulator
		AppStore|Any CPU = AppStore|Any CPU
		AppStore|iPhone = AppStore|iPhone
		AppStore|iPhoneSimulator = AppStore|iPhoneSimulator
		Debug|Any CPU = Debug|Any CPU
		Debug|iPhone = Debug|iPhone
		Debug|iPhoneSimulator = Debug|iPhoneSimulator
		Release|Any CPU = Release|Any CPU
		Release|iPhone = Release|iPhone
		Release|iPhoneSimulator = Release|iPhoneSimulator
	EndGlobalSection
	GlobalSection(ProjectConfigurationPlatforms) = postSolution
		{638B86F2-CBB4-45B1-8C68-A8DB8A16955E}.Ad-Hoc|Any CPU.ActiveCfg = Release|Any CPU
		{638B86F2-CBB4-45B1-8C68-A8DB8A16955E}.Ad-Hoc|Any CPU.Build.0 = Release|Any CPU
		{638B86F2-CBB4-45B1-8C68-A8DB8A16955E}.Ad-Hoc|Any CPU.Deploy.0 = Release|Any CPU
		{638B86F2-CBB4-45B1-8C68-A8DB8A16955E}.Ad-Hoc|iPhone.ActiveCfg = Release|Any CPU
		{638B86F2-CBB4-45B1-8C68-A8DB8A16955E}.Ad-Hoc|iPhone.Build.0 = Release|Any CPU
		{638B86F2-CBB4-45B1-8C68-A8DB8A16955E}.Ad-Hoc|iPhone.Deploy.0 = Release|Any CPU
		{638B86F2-CBB4-45B1-8C68-A8DB8A16955E}.Ad-Hoc|iPhoneSimulator.ActiveCfg = Release|Any CPU
		{638B86F2-CBB4-45B1-8C68-A8DB8A16955E}.Ad-Hoc|iPhoneSimulator.Build.0 = Release|Any CPU
		{638B86F2-CBB4-45B1-8C68-A8DB8A16955E}.Ad-Hoc|iPhoneSimulator.Deploy.0 = Release|Any CPU
		{638B86F2-CBB4-45B1-8C68-A8DB8A16955E}.AppStore|Any CPU.ActiveCfg = Release|Any CPU
		{638B86F2-CBB4-45B1-8C68-A8DB8A16955E}.AppStore|Any CPU.Build.0 = Release|Any CPU
		{638B86F2-CBB4-45B1-8C68-A8DB8A16955E}.AppStore|Any CPU.Deploy.0 = Release|Any CPU
		{638B86F2-CBB4-45B1-8C68-A8DB8A16955E}.AppStore|iPhone.ActiveCfg = Release|Any CPU
		{638B86F2-CBB4-45B1-8C68-A8DB8A16955E}.AppStore|iPhone.Build.0 = Release|Any CPU
		{638B86F2-CBB4-45B1-8C68-A8DB8A16955E}.AppStore|iPhone.Deploy.0 = Release|Any CPU
		{638B86F2-CBB4-45B1-8C68-A8DB8A16955E}.AppStore|iPhoneSimulator.ActiveCfg = Release|Any CPU
		{638B86F2-CBB4-45B1-8C68-A8DB8A16955E}.AppStore|iPhoneSimulator.Build.0 = Release|Any CPU
		{638B86F2-CBB4-45B1-8C68-A8DB8A16955E}.AppStore|iPhoneSimulator.Deploy.0 = Release|Any CPU
		{638B86F2-CBB4-45B1-8C68-A8DB8A16955E}.Debug|Any CPU.ActiveCfg = Debug|Any CPU
		{638B86F2-CBB4-45B1-8C68-A8DB8A16955E}.Debug|Any CPU.Build.0 = Debug|Any CPU
		{638B86F2-CBB4-45B1-8C68-A8DB8A16955E}.Debug|Any CPU.Deploy.0 = Debug|Any CPU
		{638B86F2-CBB4-45B1-8C68-A8DB8A16955E}.Debug|iPhone.ActiveCfg = Debug|Any CPU
		{638B86F2-CBB4-45B1-8C68-A8DB8A16955E}.Debug|iPhone.Build.0 = Debug|Any CPU
		{638B86F2-CBB4-45B1-8C68-A8DB8A16955E}.Debug|iPhone.Deploy.0 = Debug|Any CPU
		{638B86F2-CBB4-45B1-8C68-A8DB8A16955E}.Debug|iPhoneSimulator.ActiveCfg = Debug|Any CPU
		{638B86F2-CBB4-45B1-8C68-A8DB8A16955E}.Debug|iPhoneSimulator.Build.0 = Debug|Any CPU
		{638B86F2-CBB4-45B1-8C68-A8DB8A16955E}.Debug|iPhoneSimulator.Deploy.0 = Debug|Any CPU
		{638B86F2-CBB4-45B1-8C68-A8DB8A16955E}.Release|Any CPU.ActiveCfg = Release|Any CPU
		{638B86F2-CBB4-45B1-8C68-A8DB8A16955E}.Release|Any CPU.Build.0 = Release|Any CPU
		{638B86F2-CBB4-45B1-8C68-A8DB8A16955E}.Release|Any CPU.Deploy.0 = Release|Any CPU
		{638B86F2-CBB4-45B1-8C68-A8DB8A16955E}.Release|iPhone.ActiveCfg = Release|Any CPU
		{638B86F2-CBB4-45B1-8C68-A8DB8A16955E}.Release|iPhone.Build.0 = Release|Any CPU
		{638B86F2-CBB4-45B1-8C68-A8DB8A16955E}.Release|iPhone.Deploy.0 = Release|Any CPU
		{638B86F2-CBB4-45B1-8C68-A8DB8A16955E}.Release|iPhoneSimulator.ActiveCfg = Release|Any CPU
		{638B86F2-CBB4-45B1-8C68-A8DB8A16955E}.Release|iPhoneSimulator.Build.0 = Release|Any CPU
		{638B86F2-CBB4-45B1-8C68-A8DB8A16955E}.Release|iPhoneSimulator.Deploy.0 = Release|Any CPU
		{E307CAD6-594C-44C8-B10C-48FC33955BA5}.Ad-Hoc|Any CPU.ActiveCfg = Ad-Hoc|iPhone
		{E307CAD6-594C-44C8-B10C-48FC33955BA5}.Ad-Hoc|Any CPU.Build.0 = Ad-Hoc|iPhone
		{E307CAD6-594C-44C8-B10C-48FC33955BA5}.Ad-Hoc|Any CPU.Deploy.0 = Ad-Hoc|iPhone
		{E307CAD6-594C-44C8-B10C-48FC33955BA5}.Ad-Hoc|iPhone.ActiveCfg = Ad-Hoc|iPhone
		{E307CAD6-594C-44C8-B10C-48FC33955BA5}.Ad-Hoc|iPhone.Build.0 = Ad-Hoc|iPhone
		{E307CAD6-594C-44C8-B10C-48FC33955BA5}.Ad-Hoc|iPhone.Deploy.0 = Ad-Hoc|iPhone
		{E307CAD6-594C-44C8-B10C-48FC33955BA5}.Ad-Hoc|iPhoneSimulator.ActiveCfg = Ad-Hoc|iPhoneSimulator
		{E307CAD6-594C-44C8-B10C-48FC33955BA5}.Ad-Hoc|iPhoneSimulator.Build.0 = Ad-Hoc|iPhoneSimulator
		{E307CAD6-594C-44C8-B10C-48FC33955BA5}.Ad-Hoc|iPhoneSimulator.Deploy.0 = Ad-Hoc|iPhoneSimulator
		{E307CAD6-594C-44C8-B10C-48FC33955BA5}.AppStore|Any CPU.ActiveCfg = AppStore|iPhone
		{E307CAD6-594C-44C8-B10C-48FC33955BA5}.AppStore|Any CPU.Build.0 = AppStore|iPhone
		{E307CAD6-594C-44C8-B10C-48FC33955BA5}.AppStore|Any CPU.Deploy.0 = AppStore|iPhone
		{E307CAD6-594C-44C8-B10C-48FC33955BA5}.AppStore|iPhone.ActiveCfg = AppStore|iPhone
		{E307CAD6-594C-44C8-B10C-48FC33955BA5}.AppStore|iPhone.Build.0 = AppStore|iPhone
		{E307CAD6-594C-44C8-B10C-48FC33955BA5}.AppStore|iPhone.Deploy.0 = AppStore|iPhone
		{E307CAD6-594C-44C8-B10C-48FC33955BA5}.AppStore|iPhoneSimulator.ActiveCfg = AppStore|iPhoneSimulator
		{E307CAD6-594C-44C8-B10C-48FC33955BA5}.AppStore|iPhoneSimulator.Build.0 = AppStore|iPhoneSimulator
		{E307CAD6-594C-44C8-B10C-48FC33955BA5}.AppStore|iPhoneSimulator.Deploy.0 = AppStore|iPhoneSimulator
		{E307CAD6-594C-44C8-B10C-48FC33955BA5}.Debug|Any CPU.ActiveCfg = Debug|iPhoneSimulator
		{E307CAD6-594C-44C8-B10C-48FC33955BA5}.Debug|Any CPU.Build.0 = Debug|iPhoneSimulator
		{E307CAD6-594C-44C8-B10C-48FC33955BA5}.Debug|Any CPU.Deploy.0 = Debug|iPhoneSimulator
		{E307CAD6-594C-44C8-B10C-48FC33955BA5}.Debug|iPhone.ActiveCfg = Debug|iPhone
		{E307CAD6-594C-44C8-B10C-48FC33955BA5}.Debug|iPhone.Build.0 = Debug|iPhone
		{E307CAD6-594C-44C8-B10C-48FC33955BA5}.Debug|iPhone.Deploy.0 = Debug|iPhone
		{E307CAD6-594C-44C8-B10C-48FC33955BA5}.Debug|iPhoneSimulator.ActiveCfg = Debug|iPhoneSimulator
		{E307CAD6-594C-44C8-B10C-48FC33955BA5}.Debug|iPhoneSimulator.Build.0 = Debug|iPhoneSimulator
		{E307CAD6-594C-44C8-B10C-48FC33955BA5}.Debug|iPhoneSimulator.Deploy.0 = Debug|iPhoneSimulator
		{E307CAD6-594C-44C8-B10C-48FC33955BA5}.Release|Any CPU.ActiveCfg = Release|iPhone
		{E307CAD6-594C-44C8-B10C-48FC33955BA5}.Release|Any CPU.Build.0 = Release|iPhone
		{E307CAD6-594C-44C8-B10C-48FC33955BA5}.Release|Any CPU.Deploy.0 = Release|iPhone
		{E307CAD6-594C-44C8-B10C-48FC33955BA5}.Release|iPhone.ActiveCfg = Release|iPhone
		{E307CAD6-594C-44C8-B10C-48FC33955BA5}.Release|iPhone.Build.0 = Release|iPhone
		{E307CAD6-594C-44C8-B10C-48FC33955BA5}.Release|iPhone.Deploy.0 = Release|iPhone
		{E307CAD6-594C-44C8-B10C-48FC33955BA5}.Release|iPhoneSimulator.ActiveCfg = Release|iPhoneSimulator
		{E307CAD6-594C-44C8-B10C-48FC33955BA5}.Release|iPhoneSimulator.Build.0 = Release|iPhoneSimulator
		{E307CAD6-594C-44C8-B10C-48FC33955BA5}.Release|iPhoneSimulator.Deploy.0 = Release|iPhoneSimulator
		{CE3FDB96-A03A-46A1-85C3-000BEF86969D}.Ad-Hoc|Any CPU.ActiveCfg = Debug|Any CPU
		{CE3FDB96-A03A-46A1-85C3-000BEF86969D}.Ad-Hoc|Any CPU.Build.0 = Debug|Any CPU
		{CE3FDB96-A03A-46A1-85C3-000BEF86969D}.Ad-Hoc|Any CPU.Deploy.0 = Debug|Any CPU
		{CE3FDB96-A03A-46A1-85C3-000BEF86969D}.Ad-Hoc|iPhone.ActiveCfg = Debug|Any CPU
		{CE3FDB96-A03A-46A1-85C3-000BEF86969D}.Ad-Hoc|iPhone.Build.0 = Debug|Any CPU
		{CE3FDB96-A03A-46A1-85C3-000BEF86969D}.Ad-Hoc|iPhone.Deploy.0 = Debug|Any CPU
		{CE3FDB96-A03A-46A1-85C3-000BEF86969D}.Ad-Hoc|iPhoneSimulator.ActiveCfg = Debug|Any CPU
		{CE3FDB96-A03A-46A1-85C3-000BEF86969D}.Ad-Hoc|iPhoneSimulator.Build.0 = Debug|Any CPU
		{CE3FDB96-A03A-46A1-85C3-000BEF86969D}.Ad-Hoc|iPhoneSimulator.Deploy.0 = Debug|Any CPU
		{CE3FDB96-A03A-46A1-85C3-000BEF86969D}.AppStore|Any CPU.ActiveCfg = Debug|Any CPU
		{CE3FDB96-A03A-46A1-85C3-000BEF86969D}.AppStore|Any CPU.Build.0 = Debug|Any CPU
		{CE3FDB96-A03A-46A1-85C3-000BEF86969D}.AppStore|Any CPU.Deploy.0 = Debug|Any CPU
		{CE3FDB96-A03A-46A1-85C3-000BEF86969D}.AppStore|iPhone.ActiveCfg = Debug|Any CPU
		{CE3FDB96-A03A-46A1-85C3-000BEF86969D}.AppStore|iPhone.Build.0 = Debug|Any CPU
		{CE3FDB96-A03A-46A1-85C3-000BEF86969D}.AppStore|iPhone.Deploy.0 = Debug|Any CPU
		{CE3FDB96-A03A-46A1-85C3-000BEF86969D}.AppStore|iPhoneSimulator.ActiveCfg = Debug|Any CPU
		{CE3FDB96-A03A-46A1-85C3-000BEF86969D}.AppStore|iPhoneSimulator.Build.0 = Debug|Any CPU
		{CE3FDB96-A03A-46A1-85C3-000BEF86969D}.AppStore|iPhoneSimulator.Deploy.0 = Debug|Any CPU
		{CE3FDB96-A03A-46A1-85C3-000BEF86969D}.Debug|Any CPU.ActiveCfg = Debug|Any CPU
		{CE3FDB96-A03A-46A1-85C3-000BEF86969D}.Debug|Any CPU.Build.0 = Debug|Any CPU
		{CE3FDB96-A03A-46A1-85C3-000BEF86969D}.Debug|Any CPU.Deploy.0 = Debug|Any CPU
		{CE3FDB96-A03A-46A1-85C3-000BEF86969D}.Debug|iPhone.ActiveCfg = Debug|Any CPU
		{CE3FDB96-A03A-46A1-85C3-000BEF86969D}.Debug|iPhone.Build.0 = Debug|Any CPU
		{CE3FDB96-A03A-46A1-85C3-000BEF86969D}.Debug|iPhone.Deploy.0 = Debug|Any CPU
		{CE3FDB96-A03A-46A1-85C3-000BEF86969D}.Debug|iPhoneSimulator.ActiveCfg = Debug|Any CPU
		{CE3FDB96-A03A-46A1-85C3-000BEF86969D}.Debug|iPhoneSimulator.Build.0 = Debug|Any CPU
		{CE3FDB96-A03A-46A1-85C3-000BEF86969D}.Debug|iPhoneSimulator.Deploy.0 = Debug|Any CPU
		{CE3FDB96-A03A-46A1-85C3-000BEF86969D}.Release|Any CPU.ActiveCfg = Release|Any CPU
		{CE3FDB96-A03A-46A1-85C3-000BEF86969D}.Release|Any CPU.Build.0 = Release|Any CPU
		{CE3FDB96-A03A-46A1-85C3-000BEF86969D}.Release|Any CPU.Deploy.0 = Release|Any CPU
		{CE3FDB96-A03A-46A1-85C3-000BEF86969D}.Release|iPhone.ActiveCfg = Release|Any CPU
		{CE3FDB96-A03A-46A1-85C3-000BEF86969D}.Release|iPhone.Build.0 = Release|Any CPU
		{CE3FDB96-A03A-46A1-85C3-000BEF86969D}.Release|iPhone.Deploy.0 = Release|Any CPU
		{CE3FDB96-A03A-46A1-85C3-000BEF86969D}.Release|iPhoneSimulator.ActiveCfg = Release|Any CPU
		{CE3FDB96-A03A-46A1-85C3-000BEF86969D}.Release|iPhoneSimulator.Build.0 = Release|Any CPU
		{CE3FDB96-A03A-46A1-85C3-000BEF86969D}.Release|iPhoneSimulator.Deploy.0 = Release|Any CPU
		{DB00C6CE-8796-4701-80C7-380626E6C756}.Ad-Hoc|Any CPU.ActiveCfg = Debug|Any CPU
		{DB00C6CE-8796-4701-80C7-380626E6C756}.Ad-Hoc|Any CPU.Build.0 = Debug|Any CPU
		{DB00C6CE-8796-4701-80C7-380626E6C756}.Ad-Hoc|iPhone.ActiveCfg = Debug|Any CPU
		{DB00C6CE-8796-4701-80C7-380626E6C756}.Ad-Hoc|iPhone.Build.0 = Debug|Any CPU
		{DB00C6CE-8796-4701-80C7-380626E6C756}.Ad-Hoc|iPhoneSimulator.ActiveCfg = Debug|Any CPU
		{DB00C6CE-8796-4701-80C7-380626E6C756}.Ad-Hoc|iPhoneSimulator.Build.0 = Debug|Any CPU
		{DB00C6CE-8796-4701-80C7-380626E6C756}.AppStore|Any CPU.ActiveCfg = Debug|Any CPU
		{DB00C6CE-8796-4701-80C7-380626E6C756}.AppStore|Any CPU.Build.0 = Debug|Any CPU
		{DB00C6CE-8796-4701-80C7-380626E6C756}.AppStore|iPhone.ActiveCfg = Debug|Any CPU
		{DB00C6CE-8796-4701-80C7-380626E6C756}.AppStore|iPhone.Build.0 = Debug|Any CPU
		{DB00C6CE-8796-4701-80C7-380626E6C756}.AppStore|iPhoneSimulator.ActiveCfg = Debug|Any CPU
		{DB00C6CE-8796-4701-80C7-380626E6C756}.AppStore|iPhoneSimulator.Build.0 = Debug|Any CPU
		{DB00C6CE-8796-4701-80C7-380626E6C756}.Debug|Any CPU.ActiveCfg = Debug|Any CPU
		{DB00C6CE-8796-4701-80C7-380626E6C756}.Debug|Any CPU.Build.0 = Debug|Any CPU
		{DB00C6CE-8796-4701-80C7-380626E6C756}.Debug|iPhone.ActiveCfg = Debug|Any CPU
		{DB00C6CE-8796-4701-80C7-380626E6C756}.Debug|iPhone.Build.0 = Debug|Any CPU
		{DB00C6CE-8796-4701-80C7-380626E6C756}.Debug|iPhoneSimulator.ActiveCfg = Debug|Any CPU
		{DB00C6CE-8796-4701-80C7-380626E6C756}.Debug|iPhoneSimulator.Build.0 = Debug|Any CPU
		{DB00C6CE-8796-4701-80C7-380626E6C756}.Release|Any CPU.ActiveCfg = Release|Any CPU
		{DB00C6CE-8796-4701-80C7-380626E6C756}.Release|Any CPU.Build.0 = Release|Any CPU
		{DB00C6CE-8796-4701-80C7-380626E6C756}.Release|iPhone.ActiveCfg = Release|Any CPU
		{DB00C6CE-8796-4701-80C7-380626E6C756}.Release|iPhone.Build.0 = Release|Any CPU
		{DB00C6CE-8796-4701-80C7-380626E6C756}.Release|iPhoneSimulator.ActiveCfg = Release|Any CPU
		{DB00C6CE-8796-4701-80C7-380626E6C756}.Release|iPhoneSimulator.Build.0 = Release|Any CPU
	EndGlobalSection
	GlobalSection(SolutionProperties) = preSolution
		HideSolutionNode = FALSE
	EndGlobalSection
	GlobalSection(ExtensibilityGlobals) = postSolution
		SolutionGuid = {7EF2EBC5-4FCD-4A06-9C52-7722F6EA9F0C}
	EndGlobalSection
EndGlobal
